
Microsoft Visual Studio Solution File, Format Version 12.00
# Visual Studio Version 17
VisualStudioVersion = 17.1.32407.343
MinimumVisualStudioVersion = 10.0.40219.1
Project("{FAE04EC0-301F-11D3-BF4B-00C04F79EFBC}") = "Strings", "Strings\Strings.csproj", "{FBE52C4D-0220-49FC-A8EE-A9403074697E}"
EndProject
Global
	GlobalSection(SolutionConfigurationPlatforms) = preSolution
		Debug|Any CPU = Debug|Any CPU
		Release|Any CPU = Release|Any CPU
	EndGlobalSection
	GlobalSection(ProjectConfigurationPlatforms) = postSolution
		{FBE52C4D-0220-49FC-A8EE-A9403074697E}.Debug|Any CPU.ActiveCfg = Debug|Any CPU
		{FBE52C4D-0220-49FC-A8EE-A9403074697E}.Debug|Any CPU.Build.0 = Debug|Any CPU
		{FBE52C4D-0220-49FC-A8EE-A9403074697E}.Release|Any CPU.ActiveCfg = Release|Any CPU
		{FBE52C4D-0220-49FC-A8EE-A9403074697E}.Release|Any CPU.Build.0 = Release|Any CPU
	EndGlobalSection
	GlobalSection(SolutionProperties) = preSolution
		HideSolutionNode = FALSE
	EndGlobalSection
	GlobalSection(ExtensibilityGlobals) = postSolution
		SolutionGuid = {20D1BB57-D77C-4D51-A902-4B1CA9F9D906}
	EndGlobalSection
EndGlobal
